<?xml version="1.0" encoding="utf-8"?>
<Project ToolsVersion="4.0" xmlns="http://schemas.microsoft.com/developer/msbuild/2003">
  <ItemGroup>
    <Filter Include="Source Files">
      <UniqueIdentifier>{26a4baec-7cf5-414c-9dec-ee18602cf417}</UniqueIdentifier>
      <Extensions>cpp;c;cxx;rc;def;r;odl;idl;hpj;bat;for;f90</Extensions>
    </Filter>
    <Filter Include="Header Files">
      <UniqueIdentifier>{27599617-3e27-4e56-a790-1a5147971e5b}</UniqueIdentifier>
      <Extensions>h;hpp;hxx;hm;inl;fi;fd</Extensions>
    </Filter>
    <Filter Include="Resource Files">
      <UniqueIdentifier>{b58e825d-c3cd-4a64-a2a4-d51bcc7099ed}</UniqueIdentifier>
      <Extensions>ico;cur;bmp;dlg;rc2;rct;bin;cnt;rtf;gif;jpg;jpeg;jpe</Extensions>
    </Filter>
  </ItemGroup>
  <ItemGroup>
    <ClCompile Include="bot.cpp">
      <Filter>Source Files</Filter>
    </ClCompile>
    <ClCompile Include="bot_client.cpp">
      <Filter>Source Files</Filter>
    </ClCompile>
    <ClCompile Include="bot_combat.cpp">
      <Filter>Source Files</Filter>
    </ClCompile>
    <ClCompile Include="bot_navigate.cpp">
      <Filter>Source Files</Filter>
    </ClCompile>
    <ClCompile Include="bot_start.cpp">
      <Filter>Source Files</Filter>
    </ClCompile>
    <ClCompile Include="bot_weapons.cpp">
      <Filter>Source Files</Filter>
    </ClCompile>
    <ClCompile Include="bot_weapons_hldm.cpp">
      <Filter>Source Files</Filter>
    </ClCompile>
    <ClCompile Include="bot_weapons_si.cpp">
      <Filter>Source Files</Filter>
    </ClCompile>
    <ClCompile Include="dll.cpp">
      <Filter>Source Files</Filter>
    </ClCompile>
    <ClCompile Include="engine.cpp">
      <Filter>Source Files</Filter>
    </ClCompile>
    <ClCompile Include="h_export.cpp">
      <Filter>Source Files</Filter>
    </ClCompile>
    <ClCompile Include="linkfunc.cpp">
      <Filter>Source Files</Filter>
    </ClCompile>
    <ClCompile Include="util.cpp">
      <Filter>Source Files</Filter>
    </ClCompile>
    <ClCompile Include="waypoint.cpp">
      <Filter>Source Files</Filter>
    </ClCompile>
  </ItemGroup>
  <ItemGroup>
    <ClInclude Include="bot.h">
      <Filter>Header Files</Filter>
    </ClInclude>
    <ClInclude Include="bot_client.h">
      <Filter>Header Files</Filter>
    </ClInclude>
    <ClInclude Include="bot_func.h">
      <Filter>Header Files</Filter>
    </ClInclude>
    <ClInclude Include="bot_weapons.h">
      <Filter>Header Files</Filter>
    </ClInclude>
    <ClInclude Include="enginecallback.h">
      <Filter>Header Files</Filter>
    </ClInclude>
    <ClInclude Include="extdll.h">
      <Filter>Header Files</Filter>
    </ClInclude>
    <ClInclude Include="vector.h">
      <Filter>Header Files</Filter>
    </ClInclude>
    <ClInclude Include="waypoint.h">
      <Filter>Header Files</Filter>
    </ClInclude>
  </ItemGroup>
</Project>